PODS:
  - AppmazoFoundation (1.0.1)
  - AppmazoUIKit (1.0.2):
    - AppmazoFoundation (~> 1.0.1)

DEPENDENCIES:
  - AppmazoUIKit (from `../`)

SPEC REPOS:
  https://github.com/cocoapods/specs.git:
    - AppmazoFoundation

EXTERNAL SOURCES:
  AppmazoUIKit:
    :path: "../"

SPEC CHECKSUMS:
  AppmazoFoundation: 2b66a952d7a3a00ea77358ebc7171a8355002ecf
  AppmazoUIKit: e5855ffbac21313f8a198c634ed1a712ece0f275

PODFILE CHECKSUM: 1690b14d6b8f0a0352eeafdb78d65b17e6fda7ce

COCOAPODS: 1.5.3
