PODS:
  - AppmazoFoundation (1.0.4)
  - AppmazoUIKit (1.0.8):
    - AppmazoFoundation (~> 1.0.1)

DEPENDENCIES:
  - AppmazoFoundation
  - AppmazoUIKit (from `../`)

SPEC REPOS:
  https://github.com/cocoapods/specs.git:
    - AppmazoFoundation

EXTERNAL SOURCES:
  AppmazoUIKit:
    :path: "../"

SPEC CHECKSUMS:
  AppmazoFoundation: 38b6af15b8c3bc00e5ed3c27fb2c1e644d0da104
  AppmazoUIKit: 188b37a63e9aa464bbde7018238baa41af913e4a

PODFILE CHECKSUM: b3dfdd3163e66d243b7c7fb3d596d06dca8ff661

COCOAPODS: 1.7.2
